github.com/Azure/go-ansiterm v0.0.0-20170929234023-d6e3b3328b78 h1:w+iIsaOQNcT7OZ575w+acHgRric5iCyQh+xv+KJ4HB8=
github.com/Azure/go-ansiterm v0.0.0-20170929234023-d6e3b3328b78/go.mod h1:LmzpDX56iTiv29bbRTIsUNlaFfuhWRQBWjQdVyAevI8=
github.com/anmitsu/go-shlex v0.0.0-20161002113705-648efa622239 h1:kFOfPq6dUM1hTo4JG6LR5AXSUEsOjtdm0kw0FtQtMJA=
github.com/anmitsu/go-shlex v0.0.0-20161002113705-648efa622239/go.mod h1:2FmKhYUyUczH0OGQWaF5ceTx0UBShxjsH6f8oGKYe2c=
github.com/davecgh/go-spew v1.1.1/go.mod h1:J7Y8YcW2NihsgmVo/mv3lAwl/skON4iLHjSsI+c5H38=
github.com/docker/distribution v2.6.2+incompatible h1:4FI6af79dfCS/CYb+RRtkSHw3q1L/bnDjG1PcPZtQhM=
github.com/docker/distribution v2.6.2+incompatible/go.mod h1:J2gT2udsDAN96Uj4KfcMRqY0/ypR+oyYUYmja8H+y+w=
github.com/docker/distribution v2.7.0-rc.0+incompatible h1:Nw9tozLpkMnG3IA1zLzsCuwKizII6havt4iIXWWzU2s=
github.com/docker/distribution v2.7.0-rc.0+incompatible/go.mod h1:J2gT2udsDAN96Uj4KfcMRqY0/ypR+oyYUYmja8H+y+w=
github.com/docker/docker v0.0.0-20170525013005-da3c3ec14585 h1:dHLXsAWocRv3uh5FENs6X0PI+Rm8uRVuNBcUVBDtxm4=
github.com/docker/docker v0.0.0-20170525013005-da3c3ec14585/go.mod h1:eEKB0N0r5NX/I1kEveEz05bcu8tLC/8azJZsviup8Sk=
github.com/docker/docker v0.0.0-20180422163414-57142e89befe h1:kst0/J/kJ8R3a1Q/xbW0uzX08TRH58AOXR3FrwnuzK8=
github.com/docker/docker v0.0.0-20180422163414-57142e89befe/go.mod h1:eEKB0N0r5NX/I1kEveEz05bcu8tLC/8azJZsviup8Sk=
github.com/docker/spdystream v0.0.0-20181023171402-6480d4af844c h1:ZfSZ3P3BedhKGUhzj7BQlPSU4OvT6tfOKe3DVHzOA7s=
github.com/docker/spdystream v0.0.0-20181023171402-6480d4af844c/go.mod h1:Qh8CwZgvJUkLughtfhJv5dyTYa91l1fOUCrgjqmcifM=
github.com/evanphx/json-patch v4.1.0+incompatible h1:K1MDoo4AZ4wU0GIU/fPmtZg7VpzLjCxu+UwBD1FvwOc=
github.com/evanphx/json-patch v4.1.0+incompatible/go.mod h1:50XU6AFN0ol/bzJsmQLiYLvXMP4fmwYFNcr97nuDLSk=
github.com/fsnotify/fsnotify v0.0.0-20170329110642-4da3e2cfbabc h1:fqUzyjP8DApxXq0dOZJE/NvqQkyjxiTy9ARNyRwBPEw=
github.com/fsnotify/fsnotify v0.0.0-20170329110642-4da3e2cfbabc/go.mod h1:jwhsz4b93w/PPRr/qN1Yymfu8t87LnFCMoQvtojpjFo=
github.com/ghodss/yaml v1.0.0 h1:wQHKEahhL6wmXdzwWG11gIVCkOv05bNOh+Rxn0yngAk=
github.com/ghodss/yaml v1.0.0/go.mod h1:4dBDuWmgqj2HViK6kFavaiC9ZROes6MMH2rRYeMEF04=
github.com/gliderlabs/ssh v0.0.0-20181113160402-cbabf5414432 h1:cQi6+j7QGFow+I+79H00uAlRSsjaxkMl6McFLdlIs+M=
github.com/gliderlabs/ssh v0.0.0-20181113160402-cbabf5414432/go.mod h1:U7qILu1NlMHj9FlMhZLlkCdDnU1DBEAqr0aevW3Awn0=
github.com/gogo/protobuf v0.0.0-20180121160031-26de2f9a7d3b h1:Ni9Ctfwt7JmOFxuB2/Nhs9Ai8LdSTOAmT7mDG9ftKHQ=
github.com/gogo/protobuf v0.0.0-20180121160031-26de2f9a7d3b/go.mod h1:r8qH/GZQm5c6nD/R0oafs1akxWv10x8SbQlK7atdtwQ=
github.com/golang/glog v0.0.0-20160126235308-23def4e6c14b h1:VKtxabqXZkF25pY9ekfRL6a582T4P37/31XEstQ5p58=
github.com/golang/glog v0.0.0-20160126235308-23def4e6c14b/go.mod h1:SBH7ygxi8pfUlaOkMMuAQtPIUF8ecWP5IEl/CR7VP2Q=
github.com/golang/protobuf v0.0.0-20180919224659-7716a980bcee h1:5o3oVO7Gbd1wjnF3FTXCai8v+szwN6Jme/Er6tD7UyU=
github.com/golang/protobuf v0.0.0-20180919224659-7716a980bcee/go.mod h1:Qd/q+1AKNOZr9uGQzbzCmRO6sUih6GTPZv6a1/R87v0=
github.com/google/btree v0.0.0-20161217183710-316fb6d3f031 h1:yAx4v8FikdsGCBPzIaT2F+0WH0J+wcL7cQD9n3UbyOk=
github.com/google/btree v0.0.0-20161217183710-316fb6d3f031/go.mod h1:lNA+9X1NB3Zf8V7Ke586lFgjr2dZNuvo3lPJSGZ5JPQ=
github.com/google/gofuzz v0.0.0-20170612174753-24818f796faf h1:+RRA9JqSOZFfKrOeqr2z77+8R2RKyh8PG66dcu1V0ck=
github.com/google/gofuzz v0.0.0-20170612174753-24818f796faf/go.mod h1:HP5RmnzzSNb993RKQDq4+1A4ia9nllfqcQFTQJedwGI=
github.com/googleapis/gnostic v0.0.0-20180317205109-6d7ae43a9ae9 h1:lzBMoJejo5z6zhkZtnAzvOPCUgvg+/ts4XRabof47Ow=
github.com/googleapis/gnostic v0.0.0-20180317205109-6d7ae43a9ae9/go.mod h1:sJBsCZ4ayReDTBIg8b9dl28c5xFWyhBTVRp3pOg5EKY=
github.com/gregjones/httpcache v0.0.0-20171119193500-2bcd89a1743f h1:kOkUP6rcVVqC+KlKKENKtgfFfJyDySYhqL9srXooghY=
github.com/gregjones/httpcache v0.0.0-20171119193500-2bcd89a1743f/go.mod h1:FecbI9+v66THATjSRHfNgh1IVFe/9kFxbXtjV0ctIMA=
github.com/hashicorp/hcl v0.0.0-20171017181929-23c074d0eceb h1:1OvvPvZkn/yCQ3xBcM8y4020wdkMXPHLB4+NfoGWh4U=
github.com/hashicorp/hcl v0.0.0-20171017181929-23c074d0eceb/go.mod h1:oZtUIOe8dh44I2q6ScRibXws4Ajl+d+nod3AaR9vL5w=
github.com/imdario/mergo v0.0.0-20171009183408-7fe0c75c13ab h1:k/Biv+LJL35wkk0Hveko1nj7as4tSHkHdZaNlzn/gcQ=
github.com/imdario/mergo v0.0.0-20171009183408-7fe0c75c13ab/go.mod h1:2EnlNZ0deacrJVfApfmtdGgDfMuh/nq6Ok1EcJh5FfA=
github.com/inconshreveable/mousetrap v1.0.0 h1:Z8tu5sraLXCXIcARxBp/8cbvlwVa7Z1NHg9XEKhtSvM=
github.com/inconshreveable/mousetrap v1.0.0/go.mod h1:PxqpIevigyE2G7u3NXJIT2ANytuPF1OarO4DADm73n8=
github.com/json-iterator/go v0.0.0-20180701071628-ab8a2e0c74be h1:AHimNtVIpiBjPUhEF5KNCkrUyqTSA5zWUl8sQ2bfGBE=
github.com/json-iterator/go v0.0.0-20180701071628-ab8a2e0c74be/go.mod h1:+SdeFBvtyEkXs7REEP0seUULqWtbJapLOCVDaaPEHmU=
github.com/konsorten/go-windows-terminal-sequences v1.0.1 h1:mweAR1A6xJ3oS2pRaGiHgQ4OO8tzTaLawm8vnODuwDk=
github.com/konsorten/go-windows-terminal-sequences v1.0.1/go.mod h1:T0+1ngSBFLxvqU3pZ+m/2kptfBszLMUkC4ZK/EgS/cQ=
github.com/kubernetes/kubernetes v0.0.0-20181104195905-774b18491faf h1:OxSEY0BLydyTOjo8H02RhedZQcVucs6cMYclHfJ56pM=
github.com/kubernetes/kubernetes v0.0.0-20181104195905-774b18491faf/go.mod h1:uy4KkZ3U8byb0owsXQji5MEZjKCNMrl6ldqCSolS7/I=
github.com/kubernetes/kubernetes v1.12.2 h1:dNxBKNVjYq0WHk2a3/O/T1d26tifDZ/2SJaxkuvIG30=
github.com/kubernetes/kubernetes v1.12.2/go.mod h1:uy4KkZ3U8byb0owsXQji5MEZjKCNMrl6ldqCSolS7/I=
github.com/magiconair/properties v0.0.0-20171031211101-49d762b9817b h1:bR3tkU6ocnK5a0NsdgTMWc7sILt+BY0PceUYC6EpSqc=
github.com/magiconair/properties v0.0.0-20171031211101-49d762b9817b/go.mod h1:PppfXfuXeibc/6YijjN8zIbojt8czPbwD3XqdrwzmxQ=
github.com/mitchellh/go-wordwrap v1.0.0 h1:6GlHJ/LTGMrIJbwgdqdl2eEH8o+Exx/0m8ir9Gns0u4=
github.com/mitchellh/go-wordwrap v1.0.0/go.mod h1:ZXFpozHsX6DPmq2I0TCekCxypsnAUbP2oI0UX1GXzOo=
github.com/mitchellh/mapstructure v0.0.0-20171017171808-06020f85339e h1:PtGHLB3CX3TFPcksODQMxncoeQKWwCgTg0bJ40VLJP4=
github.com/mitchellh/mapstructure v0.0.0-20171017171808-06020f85339e/go.mod h1:FVVH3fgwuzCH5S8UJGiWEs2h04kUh9fWfEaFds41c1Y=
github.com/modern-go/concurrent v0.0.0-20180306012644-bacd9c7ef1dd h1:TRLaZ9cD/w8PVh93nsPXa1VrQ6jlwL5oN8l14QlcNfg=
github.com/modern-go/concurrent v0.0.0-20180306012644-bacd9c7ef1dd/go.mod h1:6dJC0mAP4ikYIbvyc7fijjWJddQyLn8Ig3JB5CqoB9Q=
github.com/modern-go/reflect2 v0.0.0-20180701023420-4b7aa43c6742 h1:Esafd1046DLDQ0W1YjYsBW+p8U2u7vzgW2SQVmlNazg=
github.com/modern-go/reflect2 v0.0.0-20180701023420-4b7aa43c6742/go.mod h1:bx2lNnkwVCuqBIxFjflWJWanXIb3RllmbCylyMrvgv0=
github.com/op/go-logging v0.0.0-20160315200505-970db520ece7 h1:lDH9UUVJtmYCjyT0CI4q8xvlXPxeZ0gYCVvWbmPlp88=
github.com/op/go-logging v0.0.0-20160315200505-970db520ece7/go.mod h1:HzydrMdWErDVzsI23lYNej1Htcns9BCg93Dk0bBINWk=
github.com/opencontainers/go-digest v1.0.0-rc1 h1:WzifXhOVOEOuFYOJAW6aQqW0TooG2iki3E3Ii+WN7gQ=
github.com/opencontainers/go-digest v1.0.0-rc1/go.mod h1:cMLVZDEM3+U2I4VmLI6N8jQYUd2OVphdqWwCJHrFt2s=
github.com/pelletier/go-toml v0.0.0-20171024211038-4e9e0ee19b60 h1:3mlGSn1qWc0qIuxxgX42d6ZEeCP6BtVgTvMR3bIkP/Y=
github.com/pelletier/go-toml v0.0.0-20171024211038-4e9e0ee19b60/go.mod h1:5z9KED0ma1S8pY6P1sdut58dfprrGBbd/94hg7ilaic=
github.com/peterbourgon/diskv v0.0.0-20171120014656-2973218375c3 h1:ZKRE3mqKoxObHs5oWjLnA1WxXhmlDDAVuE0VsuLIoNk=
github.com/peterbourgon/diskv v0.0.0-20171120014656-2973218375c3/go.mod h1:uqqh8zWWbv1HBMNONnaR/tNboyR3/BZd58JJSHlUSCU=
github.com/pmezard/go-difflib v1.0.0/go.mod h1:iKH77koFhYxTK1pcRnkKkqfTogsbg7gZNVY4sRDYZ/4=
github.com/sirupsen/logrus v1.2.0 h1:juTguoYk5qI21pwyTXY3B3Y5cOTH3ZUyZCg1v/mihuo=
github.com/sirupsen/logrus v1.2.0/go.mod h1:LxeOpSwHxABJmUn/MG1IvRgCAasNZTLOkJPxbbu5VWo=
github.com/spf13/afero v0.0.0-20171021110813-5660eeed305f h1:+Dx5AA/mr18sj78olfUUNWiBBH18xbGhdXiOnLoKnzY=
github.com/spf13/afero v0.0.0-20171021110813-5660eeed305f/go.mod h1:j4pytiNVoe2o6bmDsKpLACNPDBIoEAkihy7loJ1B0CQ=
github.com/spf13/cast v1.1.0 h1:0Rhw4d6C8J9VPu6cjZLIhZ8+aAOHcDvGeKn+cq5Aq3k=
github.com/spf13/cast v1.1.0/go.mod h1:r2rcYCSwa1IExKTDiTfzaxqT2FNHs8hODu4LnUfgKEg=
github.com/spf13/cobra v0.0.0-20180115160933-0c34d16c3123 h1:q6iuSBmQzLC/v8wFROjMxVDNFXeev53yQKUtkoLhS10=
github.com/spf13/cobra v0.0.0-20180115160933-0c34d16c3123/go.mod h1:1l0Ry5zgKvJasoi3XT1TypsSe7PqH0Sj9dhYf7v3XqQ=
github.com/spf13/jwalterweatherman v0.0.0-20170901151539-12bd96e66386 h1:zBoLErXXAvWnNsu+pWkRYl6Cx1KXmIfAVsIuYkPN6aY=
github.com/spf13/jwalterweatherman v0.0.0-20170901151539-12bd96e66386/go.mod h1:cQK4TGJAtQXfYWX+Ddv3mKDzgVb68N+wFjFa4jdeBTo=
github.com/spf13/pflag v0.0.0-20171106142849-4c012f6dcd95 h1:fBkxrj/ArtKnC3J1DOZhn3SYiVkVRFZC574bq2Ifa/0=
github.com/spf13/pflag v0.0.0-20171106142849-4c012f6dcd95/go.mod h1:DYY7MBk1bdzusC3SYhjObp+wFpr4gzcvqqNjLnInEg4=
github.com/spf13/viper v0.0.0-20171020104009-8ef37cbca716 h1:riT9pMSDqlXO6nIDTZoGk3C5OIDdLFaCkfkgJ0fF/rQ=
github.com/spf13/viper v0.0.0-20171020104009-8ef37cbca716/go.mod h1:A8kyI5cUJhb8N+3pkfONlcEcZbueH6nhAm0Fq7SrnBM=
github.com/stretchr/objx v0.1.1/go.mod h1:HFkY916IF+rwdDfMAkV7OtwuqBVzrE8GR6GFx+wExME=
github.com/stretchr/testify v1.2.2/go.mod h1:a8OnRcib4nhh0OaRAV+Yts87kKdq0PP7pXfy6kDkUVs=
golang.org/x/crypto v0.0.0-20180904163835-0709b304e793/go.mod h1:6SG95UA2DQfeDnfUPMdvaQW0Q7yPrPDi9nlGo2tz2b4=
golang.org/x/crypto v0.0.0-20181112202954-3d3f9f413869 h1:kkXA53yGe04D0adEYJwEVQjeBppL01Exg+fnMjfUraU=
golang.org/x/crypto v0.0.0-20181112202954-3d3f9f413869/go.mod h1:6SG95UA2DQfeDnfUPMdvaQW0Q7yPrPDi9nlGo2tz2b4=
golang.org/x/net v0.0.0-20180906233101-161cd47e91fd/go.mod h1:mL1N/T3taQHkDXs73rZJwtUhF3w3ftmwwsq0BUmARs4=
golang.org/x/net v0.0.0-20181114220301-adae6a3d119a h1:gOpx8G595UYyvj8UK4+OFyY4rx037g3fmfhe5SasG3U=
golang.org/x/net v0.0.0-20181114220301-adae6a3d119a/go.mod h1:mL1N/T3taQHkDXs73rZJwtUhF3w3ftmwwsq0BUmARs4=
golang.org/x/oauth2 v0.0.0-20181120190819-8f65e3013eba h1:YDkOrzGLLYybtuP6ZgebnO4OWYEYVMFSniazXsxrFN8=
golang.org/x/oauth2 v0.0.0-20181120190819-8f65e3013eba/go.mod h1:N/0e6XlmueqKjAGxoOufVs8QHGRruUQn6yWY3a++T0U=
golang.org/x/sync v0.0.0-20180314180146-1d60e4601c6f/go.mod h1:RxMgew5VJxzue5/jJTE5uejpjVlOe/izrB70Jof72aM=
golang.org/x/sys v0.0.0-20180406135729-3b87a42e500a h1:DwI0ihryIiWlRUKL/ii7Snvn4LiL9TvMoVZq3qMbffg=
golang.org/x/sys v0.0.0-20180406135729-3b87a42e500a/go.mod h1:STP8DvDyc/dI5b8T5hshtkjS+E42TnysNCUPdjciGhY=
golang.org/x/sys v0.0.0-20180905080454-ebe1bf3edb33 h1:I6FyU15t786LL7oL/hn43zqTuEGr4PN7F4XJ1p4E3Y8=
golang.org/x/sys v0.0.0-20180905080454-ebe1bf3edb33/go.mod h1:STP8DvDyc/dI5b8T5hshtkjS+E42TnysNCUPdjciGhY=
golang.org/x/text v0.0.0-20181030141323-6f44c5a2ea40 h1:cL8Kla8Z9AqPdxu1LHEQtDpgtLSB6nxzqmPvuSdNuYc=
golang.org/x/text v0.0.0-20181030141323-6f44c5a2ea40/go.mod h1:bEr9sfX3Q8Zfm5fL9x+3itogRgK3+ptLWKqgva+5dAk=
golang.org/x/time v0.0.0-20180314180208-26559e0f760e h1:aUMCDtB7fbxaw60p2ngy69FCEzU3XpcAEpszqXsdXWg=
golang.org/x/time v0.0.0-20180314180208-26559e0f760e/go.mod h1:tRJNPiyCQ0inRvYxbN9jk5I+vvW/OXSQhTDSoE431IQ=
golang.org/x/tools v0.0.0-20180917221912-90fa682c2a6e/go.mod h1:n7NCudcB/nEzxVGmLbDWY5pfWTLqBcC2KZ6jyYvM4mQ=
google.golang.org/appengine v0.0.0-20161217034650-08a149cfaee0 h1:322KeNIBfPbFv4+VzitMpDl1LgREW+nqrWiWGOrfvnk=
google.golang.org/appengine v0.0.0-20161217034650-08a149cfaee0/go.mod h1:EbEs0AVv82hx2wNQdGPgUI5lhzA/G0D9YwlJXL52JkM=
google.golang.org/genproto v0.0.0-20180831171423-11092d34479b/go.mod h1:JiN7NxoALGmiZfu7CAH4rXhgtRTLTxftemlI0sWmxmc=
gopkg.in/check.v1 v0.0.0-20161208181325-20d25e280405/go.mod h1:Co6ibVJAznAaIkqp8huTwlJQCZ016jof/cbN4VW5Yz0=
gopkg.in/inf.v0 v0.9.0 h1:3zYtXIO92bvsdS3ggAdA8Gb4Azj0YU+TVY1uGYNFA8o=
gopkg.in/inf.v0 v0.9.0/go.mod h1:cWUDdTG/fYaXco+Dcufb5Vnc6Gp2YChqWtbxRZE0mXw=
gopkg.in/yaml.v2 v2.2.1 h1:mUhvW9EsL+naU5Q3cakzfE91YhliOondGd6ZrsDBHQE=
gopkg.in/yaml.v2 v2.2.1/go.mod h1:hI93XBmqTisBFMUTm0b8Fm+jr3Dg1NNxqwp+5A1VGuI=
k8s.io/api v0.0.0-20180628040859-072894a440bd h1:HzgYeLDS1jLxw8DGr68KJh9cdQ5iZJizG0HZWstIhfQ=
k8s.io/api v0.0.0-20180628040859-072894a440bd/go.mod h1:iuAfoD4hCxJ8Onx9kaTIt30j7jUFS00AXQi6QMi99vA=
k8s.io/api v0.0.0-20181026184759-d1dc89ebaebe h1:PaVa+n9GSQyczJXrhWYfxzFjxQKE2Qr+KOLWsm22Bn8=
k8s.io/api v0.0.0-20181026184759-d1dc89ebaebe/go.mod h1:iuAfoD4hCxJ8Onx9kaTIt30j7jUFS00AXQi6QMi99vA=
k8s.io/api v0.0.0-20181117111259-46ad728b8d13 h1:kScMdtyRni4/487ib8PTPnHNcgWWiRRH94iyicChmS0=
k8s.io/api v0.0.0-20181117111259-46ad728b8d13/go.mod h1:iuAfoD4hCxJ8Onx9kaTIt30j7jUFS00AXQi6QMi99vA=
k8s.io/api v0.0.0-20181121071145-b7bd5f2d334c h1:aSW17ws1n3Y/gxcAggEFSs+UJlzpE3+stTPLQSiVEno=
k8s.io/api v0.0.0-20181121071145-b7bd5f2d334c/go.mod h1:iuAfoD4hCxJ8Onx9kaTIt30j7jUFS00AXQi6QMi99vA=
k8s.io/apiextensions-apiserver v0.0.0-20181026191334-ba848ee89ca3 h1:SRZNdKpmx9CfkMOTD3zUjjsI7x3pkxKSUTXKrP9ja90=
k8s.io/apiextensions-apiserver v0.0.0-20181026191334-ba848ee89ca3/go.mod h1:IxkesAMoaCRoLrPJdZNZUQp9NfZnzqaVzLhb2VEQzXE=
k8s.io/apiextensions-apiserver v0.0.0-20181118232543-3e208dbb243b h1:zhruXk7yo9OnRcVPRJNHupJao3g/8pA9WWhHQpSdeNA=
k8s.io/apiextensions-apiserver v0.0.0-20181118232543-3e208dbb243b/go.mod h1:IxkesAMoaCRoLrPJdZNZUQp9NfZnzqaVzLhb2VEQzXE=
k8s.io/apimachinery v0.0.0-20180621070125-103fd098999d h1:MZjlsu9igBoVPZkXpIGoxI6EonqNsXXZU7hhvfQLkd4=
k8s.io/apimachinery v0.0.0-20180621070125-103fd098999d/go.mod h1:ccL7Eh7zubPUSh9A3USN90/OzHNSVN6zxzde07TDCL0=
k8s.io/apimachinery v0.0.0-20181022183627-f71dbbc36e12 h1:mted0A7pbJVXTqWDLXFl2FoVsF3EshUDmt2QlfOMaB0=
k8s.io/apimachinery v0.0.0-20181022183627-f71dbbc36e12/go.mod h1:ccL7Eh7zubPUSh9A3USN90/OzHNSVN6zxzde07TDCL0=
k8s.io/apimachinery v0.0.0-20181116115711-1b0702fe2927 h1:RkGqNDA3mKVqAQbCHoB+QeHshksgEzhAlFqY4HhlSu0=
k8s.io/apimachinery v0.0.0-20181116115711-1b0702fe2927/go.mod h1:ccL7Eh7zubPUSh9A3USN90/OzHNSVN6zxzde07TDCL0=
k8s.io/apiserver v0.0.0-20181026185746-f1e867e1a455 h1:T2baPBe/+BDEZO/H3+IgdPdxHEK/6r/T7AaEYP0kFac=
k8s.io/apiserver v0.0.0-20181026185746-f1e867e1a455/go.mod h1:6bqaTSOSJavUIXUtfaR9Os9JtTCm8ZqH2SUl2S60C4w=
k8s.io/apiserver v0.0.0-20181117151757-509339a012d7 h1:RhyF0naAApBEFk00bz1+WBT9SPFNyQMx95rAqarQd4Y=
k8s.io/apiserver v0.0.0-20181117151757-509339a012d7/go.mod h1:6bqaTSOSJavUIXUtfaR9Os9JtTCm8ZqH2SUl2S60C4w=
k8s.io/cli-runtime v0.0.0-20181110193329-9ab67e9b3200 h1:N2dtr0F5iHtwREbivEZ3q8Z6Sy4ERReMJ9NwFykJLyw=
k8s.io/cli-runtime v0.0.0-20181110193329-9ab67e9b3200/go.mod h1:qWnH3/b8sp/l7EvlDh7ulDU3UWA4P4N1NFbEEP791tM=
k8s.io/client-go v2.0.0-alpha.0.0.20181026185217-0d0d5b2832a5+incompatible h1:mNz2NYFZ6oF2QEtwLCp7aFIMjHQ8hytPOwrmZ8fVl1c=
k8s.io/client-go v2.0.0-alpha.0.0.20181026185217-0d0d5b2832a5+incompatible/go.mod h1:7vJpHMYJwNQCWgzmNV+VYUl1zCObLyodBc8nIyt8L5s=
k8s.io/client-go v2.0.0-alpha.0.0.20181026185218-bf181536cb4d+incompatible h1:3d6GA0TQ2lC4h2yisioA3Fs7S1w3w0xSEsJBc3KyUwI=
k8s.io/client-go v2.0.0-alpha.0.0.20181026185218-bf181536cb4d+incompatible/go.mod h1:7vJpHMYJwNQCWgzmNV+VYUl1zCObLyodBc8nIyt8L5s=
k8s.io/client-go v8.0.0+incompatible h1:7Zl+OVXn0bobcsi4NEZGdoQDTE9ij1zPMfM21+yqQsM=
k8s.io/client-go v8.0.0+incompatible/go.mod h1:7vJpHMYJwNQCWgzmNV+VYUl1zCObLyodBc8nIyt8L5s=
k8s.io/client-go v9.0.0+incompatible h1:NXWpDuPFeVB5lYP1fTqJUtwigjtmRXJNtndnN53ldGI=
k8s.io/client-go v9.0.0+incompatible/go.mod h1:7vJpHMYJwNQCWgzmNV+VYUl1zCObLyodBc8nIyt8L5s=
k8s.io/klog v0.1.0 h1:I5HMfc/DtuVaGR1KPwUrTc476K8NCqNBldC7H4dYEzk=
k8s.io/klog v0.1.0/go.mod h1:Gq+BEi5rUBO/HRz0bTSXDUcqjScdoY3a9IHpCEIOOfk=
k8s.io/kubernetes v1.11.0 h1:OLQuw9X9yIO7zTwRGCb5sdKrTdLvuO/ZHHL3mpc5P9k=
k8s.io/kubernetes v1.11.0/go.mod h1:ocZa8+6APFNC2tX1DZASIbocyYT5jHzqFVsY5aoB7Jk=
k8s.io/kubernetes v1.12.2 h1:JEj2cxR+5T31U4klP5hI5dxjr6udRIHm+4dzCEPk498=
k8s.io/kubernetes v1.12.2/go.mod h1:ocZa8+6APFNC2tX1DZASIbocyYT5jHzqFVsY5aoB7Jk=
k8s.io/kubernetes v1.12.3-beta.0 h1:cHgUjVjDGDJkDRPh/zw6iEZKNA8XyJdwdxysgxF3mzk=
k8s.io/kubernetes v1.12.3-beta.0/go.mod h1:ocZa8+6APFNC2tX1DZASIbocyYT5jHzqFVsY5aoB7Jk=
k8s.io/kubernetes v1.13.0-beta.1 h1:3lSyWROkDPdFu1tn4kHHQnV7HFJs6q33jB14Fxe+pUo=
k8s.io/kubernetes v1.13.0-beta.1/go.mod h1:ocZa8+6APFNC2tX1DZASIbocyYT5jHzqFVsY5aoB7Jk=
k8s.io/utils v0.0.0-20181115163542-0d26856f57b3 h1:S3/Kq185JnolOEemhmDXXd23l2t4bX5hPQPQPADlF1E=
k8s.io/utils v0.0.0-20181115163542-0d26856f57b3/go.mod h1:8k8uAuAQ0rXslZKaEWd0c3oVhZz7sSzSiPnVZayjIX0=
sigs.k8s.io/yaml v1.1.0 h1:4A07+ZFc2wgJwo8YNlQpr1rVlgUDlxXHhPJciaPY5gs=
sigs.k8s.io/yaml v1.1.0/go.mod h1:UJmg0vDUVViEyp3mgSv9WPwZCDxu4rQW1olrI1uml+o=
